ewogICJsb2NrZmlsZVZlcnNpb24iOiAxLAogICJjb25maWdWZXJzaW9uIjogMSwKICAid29ya3NwYWNlcyI6IHsKICAgICIiOiB7CiAgICAgICJuYW1lIjogImxpbmtzIiwKICAgICAgImRlcGVuZGVuY2llcyI6IHsKICAgICAgICAiQGJhc2VsaW1lL25vZGUtb3BlbnRlbGVtZXRyeSI6ICIwLjUuOCIsCiAgICAgICAgIkBiaW9tZWpzL2Jpb21lIjogIjIuNC4xMCIsCiAgICAgICAgIkBvcGVubmV4dGpzL2Nsb3VkZmxhcmUiOiAiMS4xOC4wIiwKICAgICAgICAiQHJhZGl4LXVpL3JlYWN0LWF2YXRhciI6ICIxLjEuMTEiLAogICAgICAgICJAcmFkaXgtdWkvcmVhY3QtZGlhbG9nIjogIjEuMS4xNSIsCiAgICAgICAgIkByYWRpeC11aS9yZWFjdC1pY29ucyI6ICIxLjMuMiIsCiAgICAgICAgIkByYWRpeC11aS9yZWFjdC1sYWJlbCI6ICIyLjEuOCIsCiAgICAgICAgIkByYWRpeC11aS9yZWFjdC1zbG90IjogIjEuMi40IiwKICAgICAgICAiYW5pbWF0ZS5jc3MiOiAiNC4xLjEiLAogICAgICAgICJhdXRvcHJlZml4ZXIiOiAiMTAuNC4yNyIsCiAgICAgICAgImNsYXNzLXZhcmlhbmNlLWF1dGhvcml0eSI6ICIwLjcuMSIsCiAgICAgICAgImNsc3giOiAiMi4xLjEiLAogICAgICAgICJlc2xpbnQtcGx1Z2luLWplc3QtZG9tIjogIjUuNS4wIiwKICAgICAgICAiZXNsaW50LXBsdWdpbi10ZXN0aW5nLWxpYnJhcnkiOiAiNy4xNi4yIiwKICAgICAgICAiZ2Vpc3QiOiAiMS43LjAiLAogICAgICAgICJodG1sLXJlYWN0LXBhcnNlciI6ICI1LjIuMTciLAogICAgICAgICJsdWNpZGUtcmVhY3QiOiAiMS43LjAiLAogICAgICAgICJtaWNyb2Ntcy1qcy1zZGsiOiAiMy4zLjAiLAogICAgICAgICJuZXh0IjogIjE2LjIuMSIsCiAgICAgICAgInBvc3Rjc3MiOiAiOC41LjgiLAogICAgICAgICJxcmNvZGUucmVhY3QiOiAiNC4yLjAiLAogICAgICAgICJyZWFjdCI6ICIxOS4yLjQiLAogICAgICAgICJyZWFjdC1kb20iOiAiMTkuMi40IiwKICAgICAgICAidGFpbHdpbmQtbWVyZ2UiOiAiMy41LjAiLAogICAgICAgICJ0YWlsd2luZC12YXJpYW50cyI6ICIzLjIuMiIsCiAgICAgICAgInRhaWx3aW5kY3NzIjogIjQuMi4yIiwKICAgICAgICAidGFpbHdpbmRjc3MtYW5pbWF0ZSI6ICIxLjAuNyIsCiAgICAgICAgInRoZS1uZXctY3NzLXJlc2V0IjogIjEuMTEuMyIsCiAgICAgICAgInR5cGVzY3JpcHQiOiAiNi4wLjIiLAogICAgICAgICJ1bXQiOiAiMi4xNC4wIiwKICAgICAgICAidmF1bCI6ICIxLjEuMiIsCiAgICAgIH0sCiAgICAgICJkZXZEZXBlbmRlbmNpZXMiOiB7CiAgICAgICAgIkBjaHJvbWF0aWMtY29tL3N0b3J5Ym9vayI6ICI1LjEuMSIsCiAgICAgICAgIkBlc2xpbnQvY29tcGF0IjogIjIuMC4zIiwKICAgICAgICAiQGVzbGludC9qcyI6ICJeMTAuMC4xIiwKICAgICAgICAiQHN0b3J5Ym9vay9hZGRvbi1kb2NzIjogIjEwLjMuMyIsCiAgICAgICAgIkBzdG9yeWJvb2svYWRkb24tbGlua3MiOiAiMTAuMy4zIiwKICAgICAgICAiQHN0b3J5Ym9vay9hZGRvbi1vbmJvYXJkaW5nIjogIjEwLjMuMyIsCiAgICAgICAgIkBzdG9yeWJvb2svYWRkb24tdGhlbWluZyI6ICIxMC4zLjMiLAogICAgICAgICJAc3Rvcnlib29rL25leHRqcyI6ICIxMC4zLjMiLAogICAgICAgICJAc3Rvcnlib29rL3JlYWN0IjogIjEwLjMuMyIsCiAgICAgICAgIkBzdG9yeWJvb2svdGVzdCI6ICIxMC4zLjMiLAogICAgICAgICJAdGVzdGluZy1saWJyYXJ5L2plc3QtZG9tIjogIjYuNi4zIiwKICAgICAgICAiQHRlc3RpbmctbGlicmFyeS9yZWFjdCI6ICIxNi4zLjAiLAogICAgICAgICJAdGVzdGluZy1saWJyYXJ5L3VzZXItZXZlbnQiOiAiMTQuNi4xIiwKICAgICAgICAiQHR5cGVzL25vZGUiOiAiMjIuMTUuMTciLAogICAgICAgICJAdHlwZXMvcmVhY3QiOiAiMTkuMS4zIiwKICAgICAgICAiQHR5cGVzL3JlYWN0LWRvbSI6ICIxOS4xLjMiLAogICAgICAgICJAdml0ZWpzL3BsdWdpbi1yZWFjdCI6ICI0LjUuMiIsCiAgICAgICAgImVzbGludCI6ICIxMC4wLjEiLAogICAgICAgICJlc2xpbnQtcGx1Z2luLXJlYWN0LWhvb2tzIjogIjUuMi4wIiwKICAgICAgICAianNkb20iOiAiMjYuMC4wIiwKICAgICAgICAic3Rvcnlib29rIjogIjEwLjMuMyIsCiAgICAgICAgInZpdGUiOiAiOC4wLjUiLAogICAgICAgICJ2aXRlc3QiOiAiMy4yLjMiLAogICAgICB9LAogICAgfSwKICB9LAogICJwYWNrYWdlcyI6IHsKICAgICJAYWxsdW5vL3RzY29uZmlnLXBhdGhzQDAuMS4xIjogWyIwLjEuMSIsICIiLCB7fSwge30sICJzaGE1MTItMUgreDVEV2xCTlRhak1TemJlTFJQSTVncXFVUFRhTHpNNjJhbzQxZzBoc1lCNVhkQjA5ckVQcmdXbFdCcEorUFhFMEo2bkJJbWpaWVV4OFQ5TkdRdlJBPT0iXSwKCiAgICAiQGFtcGxpZnkvYW1wbGlmeS1hcGlAbGF0ZXN0IjogWyIxLjkuMCIsICIiLCB7fSwge30sICJzaGE1MTIta0FkbGpDNlVmVEx4YW1TVFVJazZJVFZDSkZPd0ZPSTFUUE9LZXV3cEZTakN3VThMdVgvMXVsZGY2R1k3Q3ZIQ2hoN2xDdDBvK0RKWEF5WU94dz09Il0sCgogICAgIkBhbXBsaWZ5L2NsaUBsYXRlc3QiOiBbIjEuOS4wIiwgIiIsIHt9LCB7fSwgInNoYTUxMi00T0FWRWx6TVBZQ1lwcVhNb3JpblVhOVlvRm5GN1M5bG9ETkhIWVJMelFzbjZ0VklTTnlFdmUyZ0I2aTVXUGFzQjVPUklzVWVMSGloQ2VZMlRNQT09Il0sCgogICAgIkBhbXBsaWZ5L2NvcmVAbGF0ZXN0IjogWyIxLjkuMCIsICIiLCB7fSwge30sICJzaGE1MTItbDNaUTdPTjZXb2FXeUlUWE1tZFBKNWxpT0pNcUxJUUE5U2dKbzRuN1ZRYkpabE4rdndPS2pMNm9reW1tTEJweDV6L3A4bjlBVE56NDZRPSJdLAoKICAgICJAYW1wbGlmeS9zZXJ2ZXJAMC4xLjAiOiBbIjAuMS4wIiwgIiIsIHsiZGVwZW5kZW5jaWVzIjogeyJAYW1wbGlmeS9jb3JlIjogIl4xLjAuMCJ9fSwge30sICJzaGE1MTIta0hSdW1TMHRhWlJON2tlWTYwVEhqcFJ5Q2w3dnYrQ3RsNy84cDUvTUM0eEx5L2Rnc3Y0WXFIdHlIYXBvb0x3alBWdUV5Z01Va253Rn