{
  "lockfileVersion": 1,
  "configVersion": 1,
  "workspaces": {
    "": {
      "name": "links",
      "dependencies": {
        "@baselime/node-opentelemetry": "0.5.8",
        "@biomejs/biome": "2.4.10",
        "@opennextjs/cloudflare": "1.19.1",
        "@radix-ui/react-avatar": "1.1.11",
        "@radix-ui/react-dialog": "1.1.15",
        "@radix-ui/react-icons": "1.3.2",
        "@radix-ui/react-label": "2.1.8",
        "@radix-ui/react-slot": "1.2.4",
        "animate.css": "4.1.1",
        "autoprefixer": "10.4.27",
        "class-variance-authority": "0.7.1",
        "clsx": "2.1.1",
        "eslint-plugin-jest-dom": "5.5.0",
        "eslint-plugin-testing-library": "7.16.2",
        "geist": "1.7.0",
        "html-react-parser": "6.0.0",
        "lucide-react": "1.7.0",
        "microcms-js-sdk": "3.3.0",
        "next": "16.2.3",
        "postcss": "8.5.8",
        "qrcode.react": "4.2.0",
        "react": "19.2.4",
        "react-dom": "19.2.4",
        "tailwind-merge": "3.5.0",
        "tailwind-variants": "3.2.2",
        "tailwindcss": "4.2.2",
        "tailwindcss-animate": "1.0.7",
        "the-new-css-reset": "1.11.3",
        "typescript": "6.0.2",
        "umt": "2.14.0",
        "vaul": "1.1.2",
      },
      "devDependencies": {
        "@chromatic-com/storybook": "5.1.1",
        "@eslint/compat": "2.0.4",
        "@eslint/js": "^10.0.1",
        "@storybook/addon-docs": "10.3.4",
        "@storybook/addon-links": "10.3.4",
        "@storybook/addon-onboarding": "10.3.4",
        "@storybook/addon-vitest": "10.3.4",
        "@storybook/nextjs": "10.3.4",
        "@storybook/nextjs-vite": "10.3.4",
        "@tailwindcss/postcss": "4.2.2",
        "@types/node": "25.5.2",
        "@types/react": "19.2.14",
        "@types/react-dom": "19.2.3",
        "@vitejs/plugin-react": "6.0.1",
        "@vitest/browser-playwright": "4.1.2",
        "@vitest/coverage-v8": "4.1.2",
        "dependency-cruiser": "17.3.10",
        "encoding": "0.1.13",
        "eslint": "10.2.0",
        "eslint-config-next": "16.2.3",
        "eslint-plugin-import": "2.32.0",
        "eslint-plugin-security": "4.0.0",
        "eslint-plugin-storybook": "10.3.4",
        "eslint-plugin-unicorn": "64.0.0",
        "globals": "^17.4.0",
        "happy-dom": "20.8.9",
        "playwright": "1.59.1",
        "storybook": "10.3.4",
        "turbo": "2.9.4",
        "vite": "8.0.5",
        "vitest": "4.1.2",
        "wrangler": "4.80.0",
      },
    },
  },
  "packages": {
    "@adobe/css-tools": ["@adobe/css-tools@4.4.4", "", {}, "sha512-Elp+iwUx5rN5+Y8xLt5/GRoG20WGoDKQ/1Fb+1LiGtvwbDavSk0jhD/eZdckHAuzcDzccnkv+tEjWwPgjK04g=="],

    "@alloc/quick-lru": ["@alloc/quick-lru@5.2.0", "", {}, "sha512-UrcABB+4bUrFABwbluTIBErXwvbsU/V7TZWfmbgJfbkwiBuziS9gxdODUyuiecfdGQ85jglMW6juS3z+zTsKLw=="],

    "@ast-grep/napi": ["@ast-grep/napi@0.40.5", "", { "op